// !$*UTF8*$!
{
	archiveVersion = 1;
	classes = {
	};
	objectVersion = 46;
	objects = {

/* Begin PBXBuildFile section */
		D2E820D71B1AA4A5007CD48A /* AppDelegate.swift in Sources */ = {isa = PBXBuildFile; fileRef = D2E820D61B1AA4A5007CD48A /* AppDelegate.swift */; };
		D2E820D91B1AA4A5007CD48A /* ViewController.swift in Sources */ = {isa = PBXBuildFile; fileRef = D2E820D81B1AA4A5007CD48A /* ViewController.swift */; };
		D2E820DC1B1AA4A5007CD48A /* Main.storyboard in Resources */ = {isa = PBXBuildFile; fileRef = D2E820DA1B1AA4A5007CD48A /* Main.storyboard */; };
		D2E820DE1B1AA4A5007CD48A /* Images.xcassets in Resources */ = {isa = PBXBuildFile; fileRef = D2E820DD1B1AA4A5007CD48A /* Images.xcassets */; };
		D2E820E11B1AA4A5007CD48A /* LaunchScreen.xib in Resources */ = {isa = PBXBuildFile; fileRef = D2E820DF1B1AA4A5007CD48A /* LaunchScreen.xib */; };
		D2E820ED1B1AA4A5007CD48A /* Tumblr2Tests.swift in Sources */ = {isa = PBXBuildFile; fileRef = D2E820EC1B1AA4A5007CD48A /* Tumblr2Tests.swift */; };
/* End PBXBuildFile section */

/* Begin PBXContainerItemProxy section */
		D2E820E71B1AA4A5007CD48A /* PBXContainerItemProxy */ = {
			isa = PBXContainerItemProxy;
			containerPortal = D2E820C91B1AA4A5007CD48A /* Project object */;
			proxyType = 1;
			remoteGlobalIDString = D2E820D01B1AA4A5007CD48A;
			remoteInfo = Tumblr2;
		};
/* End PBXContainerItemProxy section */

/* Begin PBXFileReference section */
		D2E820D11B1AA4A5007CD48A /* Tumblr2.app */ = {isa = PBXFileReference; explicitFileType = wrapper.application; includeInIndex = 0; path = Tumblr2.app; sourceTree = BUILT_PRODUCTS_DIR; };
		D2E820D51B1AA4A5007CD48A /* Info.plist */ = {isa = PBXFileReference; lastKnownFileType = text.plist.xml; path = Info.plist; sourceTree = "<group>"; };
		D2E820D61B1AA4A5007CD48A /* AppDelegate.swift */ = {isa = PBXFileReference; lastKnownFileType = sourcecode.swift; path = AppDelegate.swift; sourceTree = "<group>"; };
		D2E820D81B1AA4A5007CD48A /* ViewController.swift */ = {isa = PBXFileReference; lastKnownFileType = sourcecode.swift; path = ViewController.swift; sourceTree = "<group>"; };
		D2E820DB1B1AA4A5007CD48A /* Base */ = {isa = PBXFileReference; lastKnownFileType = file.storyboard; name = Base; path = Base.lproj/Main.storyboard; sourceTree = "<group>"; };
		D2E820DD1B1AA4A5007CD48A /* Images.xcassets */ = {isa = PBXFileReference; lastKnownFileType = folder.assetcatalog; path = Images.xcassets; sourceTree = "<group>"; };
		D2E820E01B1AA4A5007CD48A /* Base */ = {isa = PBXFileReference; lastKnownFileType = file.xib; name = Base; path = Base.lproj/LaunchScreen.xib; sourceTree = "<group>"; };
		D2E820E61B1AA4A5007CD48A /* Tumblr2Tests.xctest */ = {isa = PBXFileReference; explicitFileType = wrapper.cfbundle; includeInIndex = 0; path = Tumblr2Tests.xctest; sourceTree = BUILT_PRODUCTS_DIR; };
		D2E820EB1B1AA4A5007CD48A /* Info.plist */ = {isa = PBXFileReference; lastKnownFileType = text.plist.xml; path = Info.plist; sourceTree = "<group>"; };
		D2E820EC1B1AA4A5007CD48A /* Tumblr2Tests.swift */ = {isa = PBXFileReference; lastKnownFileType = sourcecode.swift; path = Tumblr2Tests.swift; sourceTree = "<group>"; };
/* End PBXFileReference section */

/* Begin PBXFrameworksBuildPhase section */
		D2E820CE1B1AA4A5007CD48A /* Frameworks */ = {
			isa = PBXFrameworksBuildPhase;
			buildActionMask = 2147483647;
			files = (
			);
			runOnlyForDeploymentPostprocessing = 0;
		};
		D2E820E31B1AA4A5007CD48A /* Frameworks */ = {
			isa = PBXFrameworksBuildPhase;
			buildActionMask = 2147483647;
			files = (
			);
			runOnlyForDeploymentPostprocessing = 0;
		};
/* End PBXFrameworksBuildPhase section */

/* Begin PBXGroup section */
		D2E820C81B1AA4A5007CD48A = {
			isa = PBXGroup;
			children = (
				D2E820D31B1AA4A5007CD48A /* Tumblr2 */,
				D2E820E91B1AA4A5007CD48A /* Tumblr2Tests */,
				D2E820D21B1AA4A5007CD48A /* Products */,
			);
			sourceTree = "<group>";
		};
		D2E820D21B1AA4A5007CD48A /* Products */ = {
			isa = PBXGroup;
			children = (
				D2E820D11B1AA4A5007CD48A /* Tumblr2.app */,
				D2E820E61B1AA4A5007CD48A /* Tumblr2Tests.xctest */,
			);
			name = Products;
			sourceTree = "<group>";
		};
		D2E820D31B1AA4A5007CD48A /* Tumblr2 */ = {
			isa = PBXGroup;
			children = (
				D2E820D61B1AA4A5007CD48A /* AppDelegate.swift */,
				D2E820D81B1AA4A5007CD48A /* ViewController.swift */,
				D2E820DA1B1AA4A5007CD48A /* Main.storyboard */,
				D2E820DD1B1AA4A5007CD48A /* Images.xcassets */,
				D2E820DF1B1AA4A5007CD48A /* LaunchScreen.xib */,
				D2E820D41B1AA4A5007CD48A /* Supporting Files */,
			);
			path = Tumblr2;
			sourceTree = "<group>";
		};
		D2E820D41B1AA4A5007CD48A /* Supporting Files */ = {
			isa = PBXGroup;
			children = (
				D2E820D51B1AA4A5007CD48A /* Info.plist */,
			);
			name = "Supporting Files";
			sourceTree = "<group>";
		};
		D2E820E91B1AA4A5007CD48A /* Tumblr2Tests */ = {
			isa = PBXGroup;
			children = (
				D2E820EC1B1AA4A5007CD48A /* Tumblr2Tests.swift */,
				D2E820EA1B1AA4A5007CD48A /* Supporting Files */,
			);
			path = Tumblr2Tests;
			sourceTree = "<group>";
		};
		D2E820EA1B1AA4A5007CD48A /* Supporting Files */ = {
			isa = PBXGroup;
			children = (
				D2E820EB1B1AA4A5007CD48A /* Info.plist */,
			);
			name = "Supporting Files";
			sourceTree = "<group>";
		};
/* End PBXGroup section */

/* Begin PBXNativeTarget section */
		D2E820D01B1AA4A5007CD48A /* Tumblr2 */ = {
			isa = PBXNativeTarget;
			buildConfigurationList = D2E820F01B1AA4A5007CD48A /* Build configuration list for PBXNativeTarget "Tumblr2" */;
			buildPhases = (
				D2E820CD1B1AA4A5007CD48A /* Sources */,
				D2E820CE1B1AA4A5007CD48A /* Frameworks */,
				D2E820CF1B1AA4A5007CD48A /* Resources */,
			);
			buildRules = (
			);
			dependencies = (
			);
			name = Tumblr2;
			productName = Tumblr2;
			productReference = D2E820D11B1AA4A5007CD48A /* Tumblr2.app */;
			productType = "com.apple.product-type.application";
		};
		D2E820E51B1AA4A5007CD48A /* Tumblr2Tests */ = {
			isa = PBXNativeTarget;
			buildConfigurationList = D2E820F31B1AA4A5007CD48A /* Build configuration list for PBXNativeTarget "Tumblr2Tests" */;
			buildPhases = (
				D2E820E21B1AA4A5007CD48A /* Sources */,
				D2E820E31B1AA4A5007CD48A /* Frameworks */,
				D2E820E41B1AA4A5007CD48A /* Resources */,
			);
			buildRules = (
			);
			dependencies = (
				D2E820E81B1AA4A5007CD48A /* PBXTargetDependency */,
			);
			name = Tumblr2Tests;
			productName = Tumblr2Tests;
			productReference = D2E820E61B1AA4A5007CD48A /* Tumblr2Tests.xctest */;
			productType = "com.apple.product-type.bundle.unit-test";
		};
/* End PBXNativeTarget section */

/* Begin PBXProject section */
		D2E820C91B1AA4A5007CD48A /* Project object */ = {
			isa = PBXProject;
			attributes = {
				LastUpgradeCheck = 0640;
				ORGANIZATIONNAME = BrandonSouba;
				TargetAttributes = {
					D2E820D01B1AA4A5007CD48A = {
						CreatedOnToolsVersion = 6.3.2;
					};
					D2E820E51B1AA4A5007CD48A = {
						CreatedOnToolsVersion = 6.3.2;
						TestTargetID = D2E820D01B1AA4A5007CD48A;
					};
				};
			};
			buildConfigurationList = D2E820CC1B1AA4A5007CD48A /* Build configuration list for PBXProject "Tumblr2" */;
			compatibilityVersion = "Xcode 3.2";
			developmentRegion = English;
			hasScannedForEncodings = 0;
			knownRegions = (
				en,
				Base,
			);
			mainGroup = D2E820C81B1AA4A5007CD48A;
			productRefGroup = D2E820D21B1AA4A5007CD48A /* Products */;
			projectDirPath = "";
			projectRoot = "";
			targets = (
				D2E820D01B1AA4A5007CD48A /* Tumblr2 */,
				D2E820E51B1AA4A5007CD48A /* Tumblr2Tests */,
			);
		};
/* End PBXProject section */

/* Begin PBXResourcesBuildPhase section */
		D2E820CF1B1AA4A5007CD48A /* Resources */ = {
			isa = PBXResourcesBuildPhase;
			buildActionMask = 2147483647;
			files = (
				D2E820DC1B1AA4A5007CD48A /* Main.storyboard in Resources */,
				D2E820E11B1AA4A5007CD48A /* LaunchScreen.xib in Resources */,
				D2E820DE1B1AA4A5007CD48A /* Images.xcassets in Resources */,
			);
			runOnlyForDeploymentPostprocessing = 0;
		};
		D2E820E41B1AA4A5007CD48A /* Resources */ = {
			isa = PBXResourcesBuildPhase;
			buildActionMask = 2147483647;
			files = (
			);
			runOnlyForDeploymentPostprocessing = 0;
		};
/* End PBXResourcesBuildPhase section */

/* Begin PBXSourcesBuildPhase section */
		D2E820CD1B1AA4A5007CD48A /* Sources */ = {
			isa = PBXSourcesBuildPhase;
			buildActionMask = 2147483647;
			files = (
				D2E820D91B1AA4A5007CD48A /* ViewController.swift in Sources */,
				D2E820D71B1AA4A5007CD48A /* AppDelegate.swift in Sources */,
			);
			runOnlyForDeploymentPostprocessing = 0;
		};
		D2E820E21B1AA4A5007CD48A /* Sources */ = {
			isa = PBXSourcesBuildPhase;
			buildActionMask = 2147483647;
			files = (
				D2E820ED1B1AA4A5007CD48A /* Tumblr2Tests.swift in Sources */,
			);
			runOnlyForDeploymentPostprocessing = 0;
		};
/* End PBXSourcesBuildPhase section */

/* Begin PBXTargetDependency section */
		D2E820E81B1AA4A5007CD48A /* PBXTargetDependency */ = {
			isa = PBXTargetDependency;
			target = D2E820D01B1AA4A5007CD48A /* Tumblr2 */;
			targetProxy = D2E820E71B1AA4A5007CD48A /* PBXContainerItemProxy */;
		};
/* End PBXTargetDependency section */

/* Begin PBXVariantGroup section */
		D2E820DA1B1AA4A5007CD48A /* Main.storyboard */ = {
			isa = PBXVariantGroup;
			children = (
				D2E820DB1B1AA4A5007CD48A /* Base */,
			);
			name = Main.storyboard;
			sourceTree = "<group>";
		};
		D2E820DF1B1AA4A5007CD48A /* LaunchScreen.xib */ = {
			isa = PBXVariantGroup;
			children = (
				D2E820E01B1AA4A5007CD48A /* Base */,
			);
			name = LaunchScreen.xib;
			sourceTree = "<group>";
		};
/* End PBXVariantGroup section */

/* Begin XCBuildConfiguration section */
		D2E820EE1B1AA4A5007CD48A /* Debug */ = {
			isa = XCBuildConfiguration;
			buildSettings = {
				ALWAYS_SEARCH_USER_PATHS = NO;
				CLANG_CXX_LANGUAGE_STANDARD = "gnu++0x";
				CLANG_CXX_LIBRARY = "libc++";
				CLANG_ENABLE_MODULES = YES;
				CLANG_ENABLE_OBJC_ARC = YES;
				CLANG_WARN_BOOL_CONVERSION = YES;
				CLANG_WARN_CONSTANT_CONVERSION = YES;
				CLANG_WARN_DIRECT_OBJC_ISA_USAGE = YES_ERROR;
				CLANG_WARN_EMPTY_BODY = YES;
				CLANG_WARN_ENUM_CONVERSION = YES;
				CLANG_WARN_INT_CONVERSION = YES;
				CLANG_WARN_OBJC_ROOT_CLASS = YES_ERROR;
				CLANG_WARN_UNREACHABLE_CODE = YES;
				CLANG_WARN__DUPLICATE_METHOD_MATCH = YES;
				"CODE_SIGN_IDENTITY[sdk=iphoneos*]" = "iPhone Developer";
				COPY_PHASE_STRIP = NO;
				DEBUG_INFORMATION_FORMAT = "dwarf-with-dsym";
				ENABLE_STRICT_OBJC_MSGSEND = YES;
				GCC_C_LANGUAGE_STANDARD = gnu99;
				GCC_DYNAMIC_NO_PIC = NO;
				GCC_NO_COMMON_BLOCKS = YES;
				GCC_OPTIMIZATION_LEVEL = 0;
				GCC_PREPROCESSOR_DEFINITIONS = (
					"DEBUG=1",
					"$(inherited)",
				);
				GCC_SYMBOLS_PRIVATE_EXTERN = NO;
				GCC_WARN_64_TO_32_BIT_CONVERSION = YES;
				GCC_WARN_ABOUT_RETURN_TYPE = YES_ERROR;
				GCC_WARN_UNDECLARED_SELECTOR = YES;
				GCC_WARN_UNINITIALIZED_AUTOS = YES_AGGRESSIVE;
				GCC_WARN_UNUSED_FUNCTION = YES;
				GCC_WARN_UNUSED_VARIABLE = YES;
				IPHONEOS_DEPLOYMENT_TARGET = 8.3;
				MTL_ENABLE_DEBUG_INFO = YES;
				ONLY_ACTIVE_ARCH = YES;
				SDKROOT = iphoneos;
				SWIFT_OPTIMIZATION_LEVEL = "-Onone";
			};
			name = Debug;
		};
		D2E820EF1B1AA4A5007CD48A /* Release */ = {
			isa = XCBuildConfiguration;
			buildSettings = {
				ALWAYS_SEARCH_USER_PATHS = NO;
				CLANG_CXX_LANGUAGE_STANDARD = "gnu++0x";
				CLANG_CXX_LIBRARY = "libc++";
				CLANG_ENABLE_MODULES = YES;
				CLANG_ENABLE_OBJC_ARC = YES;
				CLANG_WARN_BOOL_CONVERSION = YES;
				CLANG_WARN_CONSTANT_CONVERSION = YES;
				CLANG_WARN_DIRECT_OBJC_ISA_USAGE = YES_ERROR;
				CLANG_WARN_EMPTY_BODY = YES;
				CLANG_WARN_ENUM_CONVERSION = YES;
				CLANG_WARN_INT_CONVERSION = YES;
				CLANG_WARN_OBJC_ROOT_CLASS = YES_ERROR;
				CLANG_WARN_UNREACHABLE_CODE = YES;
				CLANG_WARN__DUPLICATE_METHOD_MATCH = YES;
				"CODE_SIGN_IDENTITY[sdk=iphoneos*]" = "iPhone Developer";
				COPY_PHASE_STRIP = NO;
				DEBUG_INFORMATION_FORMAT = "dwarf-with-dsym";
				ENABLE_NS_ASSERTIONS = NO;
				ENABLE_STRICT_OBJC_MSGSEND = YES;
				GCC_C_LANGUAGE_STANDARD = gnu99;
				GCC_NO_COMMON_BLOCKS = YES;
				GCC_WARN_64_TO_32_BIT_CONVERSION = YES;
				GCC_WARN_ABOUT_RETURN_TYPE = YES_ERROR;
				GCC_WARN_UNDECLARED_SELECTOR = YES;
				GCC_WARN_UNINITIALIZED_AUTOS = YES_AGGRESSIVE;
				GCC_WARN_UNUSED_FUNCTION = YES;
				GCC_WARN_UNUSED_VARIABLE = YES;
				IPHONEOS_DEPLOYMENT_TARGET = 8.3;
				MTL_ENABLE_DEBUG_INFO = NO;
				SDKROOT = iphoneos;
				VALIDATE_PRODUCT = YES;
			};
			name = Release;
		};
		D2E820F11B1AA4A5007CD48A /* Debug */ = {
			isa = XCBuildConfiguration;
			buildSettings = {
				ASSETCATALOG_COMPILER_APPICON_NAME = AppIcon;
				INFOPLIST_FILE = Tumblr2/Info.plist;
				LD_RUNPATH_SEARCH_PATHS = "$(inherited) @executable_path/Frameworks";
				PRODUCT_NAME = "$(TARGET_NAME)";
			};
			name = Debug;
		};
		D2E820F21B1AA4A5007CD48A /* Release */ = {
			isa = XCBuildConfiguration;
			buildSettings = {
				ASSETCATALOG_COMPILER_APPICON_NAME = AppIcon;
				INFOPLIST_FILE = Tumblr2/Info.plist;
				LD_RUNPATH_SEARCH_PATHS = "$(inherited) @executable_path/Frameworks";
				PRODUCT_NAME = "$(TARGET_NAME)";
			};
			name = Release;
		};
		D2E820F41B1AA4A5007CD48A /* Debug */ = {
			isa = XCBuildConfiguration;
			buildSettings = {
				BUNDLE_LOADER = "$(TEST_HOST)";
				FRAMEWORK_SEARCH_PATHS = (
					"$(SDKROOT)/Developer/Library/Frameworks",
					"$(inherited)",
				);
				GCC_PREPROCESSOR_DEFINITIONS = (
					"DEBUG=1",
					"$(inherited)",
				);
				INFOPLIST_FILE = Tumblr2Tests/Info.plist;
				LD_RUNPATH_SEARCH_PATHS = "$(inherited) @executable_path/Frameworks @loader_path/Frameworks";
				PRODUCT_NAME = "$(TARGET_NAME)";
				TEST_HOST = "$(BUILT_PRODUCTS_DIR)/Tumblr2.app/Tumblr2";
			};
			name = Debug;
		};
		D2E820F51B1AA4A5007CD48A /* Release */ = {
			isa = XCBuildConfiguration;
			buildSettings = {
				BUNDLE_LOADER = "$(TEST_HOST)";
				FRAMEWORK_SEARCH_PATHS = (
					"$(SDKROOT)/Developer/Library/Frameworks",
					"$(inherited)",
				);
				INFOPLIST_FILE = Tumblr2Tests/Info.plist;
				LD_RUNPATH_SEARCH_PATHS = "$(inherited) @executable_path/Frameworks @loader_path/Frameworks";
				PRODUCT_NAME = "$(TARGET_NAME)";
				TEST_HOST = "$(BUILT_PRODUCTS_DIR)/Tumblr2.app/Tumblr2";
			};
			name = Release;
		};
/* End XCBuildConfiguration section */

/* Begin XCConfigurationList section */
		D2E820CC1B1AA4A5007CD48A /* Build configuration list for PBXProject "Tumblr2" */ = {
			isa = XCConfigurationList;
			buildConfigurations = (
				D2E820EE1B1AA4A5007CD48A /* Debug */,
				D2E820EF1B1AA4A5007CD48A /* Release */,
			);
			defaultConfigurationIsVisible = 0;
			defaultConfigurationName = Release;
		};
		D2E820F01B1AA4A5007CD48A /* Build configuration list for PBXNativeTarget "Tumblr2" */ = {
			isa = XCConfigurationList;
			buildConfigurations = (
				D2E820F11B1AA4A5007CD48A /* Debug */,
				D2E820F21B1AA4A5007CD48A /* Release */,
			);
			defaultConfigurationIsVisible = 0;
		};
		D2E820F31B1AA4A5007CD48A /* Build configuration list for PBXNativeTarget "Tumblr2Tests" */ = {
			isa = XCConfigurationList;
			buildConfigurations = (
				D2E820F41B1AA4A5007CD48A /* Debug */,
				D2E820F51B1AA4A5007CD48A /* Release */,
			);
			defaultConfigurationIsVisible = 0;
		};
/* End XCConfigurationList section */
	};
	rootObject = D2E820C91B1AA4A5007CD48A /* Project object */;
}
